
Microsoft Visual Studio Solution File, Format Version 12.00
# Visual Studio Version 17
VisualStudioVersion = 17.2.32516.85
MinimumVisualStudioVersion = 10.0.40219.1
Project("{FAE04EC0-301F-11D3-BF4B-00C04F79EFBC}") = "CursoCSharp", "CursoCSharp\CursoCSharp.csproj", "{B311A27F-CD26-439A-A689-95E309AB0BAC}"
EndProject
Global
	GlobalSection(SolutionConfigurationPlatforms) = preSolution
		Debug|Any CPU = Debug|Any CPU
		Release|Any CPU = Release|Any CPU
	EndGlobalSection
	GlobalSection(ProjectConfigurationPlatforms) = postSolution
		{B311A27F-CD26-439A-A689-95E309AB0BAC}.Debug|Any CPU.ActiveCfg = Debug|Any CPU
		{B311A27F-CD26-439A-A689-95E309AB0BAC}.Debug|Any CPU.Build.0 = Debug|Any CPU
		{B311A27F-CD26-439A-A689-95E309AB0BAC}.Release|Any CPU.ActiveCfg = Release|Any CPU
		{B311A27F-CD26-439A-A689-95E309AB0BAC}.Release|Any CPU.Build.0 = Release|Any CPU
	EndGlobalSection
	GlobalSection(SolutionProperties) = preSolution
		HideSolutionNode = FALSE
	EndGlobalSection
	GlobalSection(ExtensibilityGlobals) = postSolution
		SolutionGuid = {ECFF4565-4BE0-415F-9304-C41E6322AB0A}
	EndGlobalSection
EndGlobal
